<?xml version="1.0" encoding="utf-8"?>
<Project ToolsVersion="4.0" xmlns="http://schemas.microsoft.com/developer/msbuild/2003">
  <ItemGroup>
    <ClInclude Include="NoRenderModule.h"><Filter>Header Files</Filter></ClInclude>
    <ClCompile Include="NoRenderModule.cpp"><Filter>Source Files</Filter></ClCompile>
    <ClInclude Include="AutoRefillModule.h"><Filter>Header Files</Filter></ClInclude>
    <ClCompile Include="AutoRefillModule.cpp"><Filter>Source Files</Filter></ClCompile>
    <Filter Include="Source Files">
      <UniqueIdentifier>{4FC737F1-C7A5-4376-A066-2A32D752A2FF}</UniqueIdentifier>
      <Extensions>cpp;c;cc;cxx;c++;cppm;ixx;def;odl;idl;hpj;bat;asm;asmx</Extensions>
    </Filter>
    <Filter Include="Header Files">
      <UniqueIdentifier>{93995380-89BD-4b04-88EB-625FBE52EBFB}</UniqueIdentifier>
      <Extensions>h;hh;hpp;hxx;h++;hm;inl;inc;ipp;xsd</Extensions>
    </Filter>
    <Filter Include="Resource Files">
      <UniqueIdentifier>{67DA6AB6-F800-4c08-8B7A-83BB121AAD01}</UniqueIdentifier>
      <Extensions>rc;ico;cur;bmp;dlg;rc2;rct;bin;rgs;gif;jpg;jpeg;jpe;resx;tiff;tif;png;wav;mfcribbon-ms</Extensions>
    </Filter>
  </ItemGroup>
  <ItemGroup>
    <ClInclude Include="framework.h">
      <Filter>Header Files</Filter>
    </ClInclude>
    <ClInclude Include="GameThreadPause.h"><Filter>Header Files</Filter></ClInclude>
    <ClInclude Include="CrashoutModule.h"><Filter>Header Files</Filter></ClInclude>
    <ClInclude Include="CrashoutBridge.h"><Filter>Header Files</Filter></ClInclude>
    <ClInclude Include="FlightInventory.h"><Filter>Header Files</Filter></ClInclude>
    <ClInclude Include="VelocityTypes.h"><Filter>Header Files</Filter></ClInclude>
    <ClInclude Include="VelocityUtilities.h"><Filter>Header Files</Filter></ClInclude>
    <ClInclude Include="VelocityModule.h"><Filter>Header Files</Filter></ClInclude>
    <ClInclude Include="VelocityBridge.h"><Filter>Header Files</Filter></ClInclude>
    <ClInclude Include="OwnershipLease.h"><Filter>Header Files</Filter></ClInclude>
    <ClInclude Include="SlotSpoofManager.h"><Filter>Header Files</Filter></ClInclude>
    <ClInclude Include="RotationManager.h"><Filter>Header Files</Filter></ClInclude>
    <ClInclude Include="ManagerBridge.h"><Filter>Header Files</Filter></ClInclude>
    <ClInclude Include="CombatRateLimiter.h"><Filter>Header Files</Filter></ClInclude>
    <ClInclude Include="CombatResourceManager.h"><Filter>Header Files</Filter></ClInclude>
    <ClInclude Include="PacketCommitTracker.h"><Filter>Header Files</Filter></ClInclude>
    <ClInclude Include="CombatActionScheduler.h"><Filter>Header Files</Filter></ClInclude>
    <ClInclude Include="CombatSchedulerBridge.h"><Filter>Header Files</Filter></ClInclude>
    <ClInclude Include="CombatActionState.h"><Filter>Header Files</Filter></ClInclude>
    <ClInclude Include="ServerStateTracker.h"><Filter>Header Files</Filter></ClInclude>
    <ClInclude Include="WorldPredictionLedger.h"><Filter>Header Files</Filter></ClInclude>
    <ClInclude Include="WorldStateBridge.h"><Filter>Header Files</Filter></ClInclude>
    <ClInclude Include="NativeExampleModule.h">
      <Filter>Header Files</Filter>
    </ClInclude>
    <ClInclude Include="XingNativeBridge.h">
      <Filter>Header Files</Filter>
    </ClInclude>
    <ClInclude Include="CrystalActionController.h">
      <Filter>Header Files</Filter>
    </ClInclude>
    <ClInclude Include="CrystalPrediction.h">
      <Filter>Header Files</Filter>
    </ClInclude>
    <ClInclude Include="CrystalTargetPhaseDetector.h">
      <Filter>Header Files</Filter>
    </ClInclude>
    <ClInclude Include="CrystalTargetSelector.h">
      <Filter>Header Files</Filter>
    </ClInclude>
    <ClInclude Include="CrystalPlacementScanner.h">
      <Filter>Header Files</Filter>
    </ClInclude>
    <ClInclude Include="CrystalDamageCalculator.h">
      <Filter>Header Files</Filter>
    </ClInclude>
    <ClInclude Include="CrystalPlacementScorer.h">
      <Filter>Header Files</Filter>
    </ClInclude>
    <ClInclude Include="CrystalBreakSelector.h">
      <Filter>Header Files</Filter>
    </ClInclude>
    <ClInclude Include="CrystalSpawnProcessor.h">
      <Filter>Header Files</Filter>
    </ClInclude>
    <ClInclude Include="CrystalBreakActionPlanner.h">
      <Filter>Header Files</Filter>
    </ClInclude>
    <ClInclude Include="CrystalPlacementActionPlanner.h">
      <Filter>Header Files</Filter>
    </ClInclude>
    <ClInclude Include="CrystalPlacementScanCache.h">
      <Filter>Header Files</Filter>
    </ClInclude>
    <ClInclude Include="CrystalPlacementCycleEngine.h">
      <Filter>Header Files</Filter>
    </ClInclude>
    <ClInclude Include="pch.h">
      <Filter>Header Files</Filter>
    </ClInclude>
  </ItemGroup>
  <ItemGroup>
    <ClCompile Include="NativeExampleModule.cpp">
      <Filter>Source Files</Filter>
    </ClCompile>
    <ClCompile Include="AutoCrystalPolicy.cpp"><Filter>Source Files</Filter></ClCompile>
    <ClCompile Include="AutoCrystalBreakPolicy.cpp"><Filter>Source Files</Filter></ClCompile>
    <ClCompile Include="AutoCrystalPlaceLifecyclePolicy.cpp"><Filter>Source Files</Filter></ClCompile>
    <ClCompile Include="AutoCrystalBreakLifecyclePolicy.cpp"><Filter>Source Files</Filter></ClCompile>
    <ClCompile Include="AutoCrystalDirectPreplaceLifecyclePolicy.cpp"><Filter>Source Files</Filter></ClCompile>
    <ClCompile Include="AutoCrystalExecutionPolicy.cpp"><Filter>Source Files</Filter></ClCompile>
    <ClCompile Include="CrystalActionController.cpp"><Filter>Source Files</Filter></ClCompile>
    <ClCompile Include="CrystalPrediction.cpp"><Filter>Source Files</Filter></ClCompile>
    <ClCompile Include="CrystalTargetPhaseDetector.cpp"><Filter>Source Files</Filter></ClCompile>
    <ClCompile Include="CrystalTargetSelector.cpp"><Filter>Source Files</Filter></ClCompile>
    <ClCompile Include="CrystalPlacementScanner.cpp"><Filter>Source Files</Filter></ClCompile>
    <ClCompile Include="CrystalDamageCalculator.cpp"><Filter>Source Files</Filter></ClCompile>
    <ClCompile Include="CrystalPlacementScorer.cpp"><Filter>Source Files</Filter></ClCompile>
    <ClCompile Include="CrystalBreakSelector.cpp"><Filter>Source Files</Filter></ClCompile>
    <ClCompile Include="CrystalSpawnProcessor.cpp"><Filter>Source Files</Filter></ClCompile>
    <ClCompile Include="CrystalBreakActionPlanner.cpp"><Filter>Source Files</Filter></ClCompile>
    <ClCompile Include="CrystalPlacementActionPlanner.cpp"><Filter>Source Files</Filter></ClCompile>
    <ClCompile Include="CrystalPlacementScanCache.cpp"><Filter>Source Files</Filter></ClCompile>
    <ClCompile Include="CrystalPlacementCycleEngine.cpp"><Filter>Source Files</Filter></ClCompile>
    <ClCompile Include="dllmain.cpp">
      <Filter>Source Files</Filter>
    </ClCompile>
    <ClCompile Include="GameThreadPause.cpp"><Filter>Source Files</Filter></ClCompile>
    <ClCompile Include="CrashoutModule.cpp"><Filter>Source Files</Filter></ClCompile>
    <ClCompile Include="CrashoutBridge.cpp"><Filter>Source Files</Filter></ClCompile>
    <ClCompile Include="FlightInventory.cpp"><Filter>Source Files</Filter></ClCompile>
    <ClCompile Include="VelocityUtilities.cpp"><Filter>Source Files</Filter></ClCompile>
    <ClCompile Include="VelocityModule.cpp"><Filter>Source Files</Filter></ClCompile>
    <ClCompile Include="VelocityBridge.cpp"><Filter>Source Files</Filter></ClCompile>
    <ClCompile Include="SlotSpoofManager.cpp"><Filter>Source Files</Filter></ClCompile>
    <ClCompile Include="RotationManager.cpp"><Filter>Source Files</Filter></ClCompile>
    <ClCompile Include="ManagerBridge.cpp"><Filter>Source Files</Filter></ClCompile>
    <ClCompile Include="CombatRateLimiter.cpp"><Filter>Source Files</Filter></ClCompile>
    <ClCompile Include="CombatResourceManager.cpp"><Filter>Source Files</Filter></ClCompile>
    <ClCompile Include="CombatActionScheduler.cpp"><Filter>Source Files</Filter></ClCompile>
    <ClCompile Include="CombatSchedulerBridge.cpp"><Filter>Source Files</Filter></ClCompile>
    <ClCompile Include="CombatActionState.cpp"><Filter>Source Files</Filter></ClCompile>
    <ClCompile Include="ServerStateTracker.cpp"><Filter>Source Files</Filter></ClCompile>
    <ClCompile Include="WorldPredictionLedger.cpp"><Filter>Source Files</Filter></ClCompile>
    <ClCompile Include="WorldStateBridge.cpp"><Filter>Source Files</Filter></ClCompile>
    <ClCompile Include="pch.cpp">
      <Filter>Source Files</Filter>
    </ClCompile>
  </ItemGroup>
</Project>
